
Microsoft Visual Studio Solution File, Format Version 12.00
# Visual Studio 15
VisualStudioVersion = 15.0.27130.2010
MinimumVisualStudioVersion = 10.0.40219.1
Project("{9A19103F-16F7-4668-BE54-9A1E7A4F7556}") = "com.ambassador.support.webapi", "com.ambassador.support.webapi\com.ambassador.support.webapi.csproj", "{1E3A00B7-F193-4533-A96A-2537F20CC775}"
EndProject
Project("{9A19103F-16F7-4668-BE54-9A1E7A4F7556}") = "com.ambassador.support.lib", "com.ambassador.support.lib\com.ambassador.support.lib.csproj", "{F8102EF1-3AEB-410A-8883-CEF4556C6F15}"
EndProject
Global
	GlobalSection(SolutionConfigurationPlatforms) = preSolution
		Debug|Any CPU = Debug|Any CPU
		Release|Any CPU = Release|Any CPU
	EndGlobalSection
	GlobalSection(ProjectConfigurationPlatforms) = postSolution
		{1E3A00B7-F193-4533-A96A-2537F20CC775}.Debug|Any CPU.ActiveCfg = Debug|Any CPU
		{1E3A00B7-F193-4533-A96A-2537F20CC775}.Debug|Any CPU.Build.0 = Debug|Any CPU
		{1E3A00B7-F193-4533-A96A-2537F20CC775}.Release|Any CPU.ActiveCfg = Release|Any CPU
		{1E3A00B7-F193-4533-A96A-2537F20CC775}.Release|Any CPU.Build.0 = Release|Any CPU
		{F8102EF1-3AEB-410A-8883-CEF4556C6F15}.Debug|Any CPU.ActiveCfg = Debug|Any CPU
		{F8102EF1-3AEB-410A-8883-CEF4556C6F15}.Debug|Any CPU.Build.0 = Debug|Any CPU
		{F8102EF1-3AEB-410A-8883-CEF4556C6F15}.Release|Any CPU.ActiveCfg = Release|Any CPU
		{F8102EF1-3AEB-410A-8883-CEF4556C6F15}.Release|Any CPU.Build.0 = Release|Any CPU
	EndGlobalSection
	GlobalSection(SolutionProperties) = preSolution
		HideSolutionNode = FALSE
	EndGlobalSection
	GlobalSection(ExtensibilityGlobals) = postSolution
		SolutionGuid = {B32B0A13-389C-4CC9-83AE-42B372EF23EC}
	EndGlobalSection
EndGlobal
